github.com/josharian/cdup v0.0.0-20210225192954-f8aee6280808 h1:AMsQTgcOPMk7dnLr913YodJOonC10TI01UCS4DSnm3Y=
github.com/josharian/cdup v0.0.0-20210225192954-f8aee6280808/go.mod h1:HVNXlnuck04GRBCGtJ1rFvIOTZo5+rkaX6i6UuNIWfM=
golang.org/x/mod v0.12.0 h1:rmsUpXtvNzj340zd98LZ4KntptpfRHwpFOHG188oHXc=
golang.org/x/mod v0.12.0/go.mod h1:iBbtSCu2XBx23ZKBPSOrRkjjQPZFPuis4dIYUhu/chs=
